4d63.com/gocheckcompilerdirectives v1.2.1 h1:AHcMYuw56NPjq/2y615IGg2kYkBdTvOaojYCBcRE7MA=
4d63.com/gochecknoglobals v0.2.1 h1:1eiorGsgHOFOuoOiJDy2psSrQbRdIHrlge0IJIkUgDc=
cloud.google.com/go v0.34.0/go.mod h1:aQUYkXzVsufM+DwF1aE+0xfcU+56JwCaLick0ClmMTw=
github.com/4meepo/tagalign v1.3.2 h1:1idD3yxlRGV18VjqtDbqYvQ5pXqQS0wO2dn6M3XstvI=
github.com/Abirdcfly/dupword v0.0.12 h1:56NnOyrXzChj07BDFjeRA+IUzSz01jmzEq+G4kEgFhc=
github.com/Antonboom/errname v0.1.12 h1:oh9ak2zUtsLp5oaEd/erjB4GPu9w19NyoIskZClDcQY=
github.com/Antonboom/nilnil v0.1.7 h1:ofgL+BA7vlA1K2wNQOsHzLJ2Pw5B5DpWRLdDAVvvTow=
github.com/BurntSushi/toml v1.3.2 h1:o7IhLm0Msx3BaB+n3Ag7L8EVlByGnpq14C4YWiu/gL8=
github.com/Djarvur/go-err113 v0.0.0-20210108212216-aea10b59be24 h1:sHglBQTwgx+rWPdisA5ynNEsoARbiCBOyGcJM4/OzsM=
github.com/GaijinEntertainment/go-exhaustruct/v3 v3.1.0 h1:3ZBs7LAezy8gh0uECsA6CGU43FF3zsx5f4eah5FxTMA=
github.com/Masterminds/semver v1.5.0 h1:H65muMkzWKEuNDnfl9d70GUjFniHKHRbFPGBuZ3QEww=
github.com/Microsoft/go-winio v0.4.14/go.mod h1:qXqCSQ3Xa7+6tgxaGTIe4Kpcdsi+P8jBhyzoq1bpyYA=
github.com/Microsoft/go-winio v0.4.16 h1:FtSW/jqD+l4ba5iPBj9CODVtgfYAD8w2wS923g/cFDk=
github.com/Microsoft/go-winio v0.4.16/go.mod h1:XB6nPKklQyQ7GC9LdcBEcBl8PF76WugXOPRXwdLnMv0=
github.com/OpenPeeDeeP/depguard/v2 v2.1.0 h1:aQl70G173h/GZYhWf36aE5H0KaujXfVMnn/f1kSDVYY=
github.com/ProtonMail/go-crypto v0.0.0-20210428141323-04723f9f07d7 h1:YoJbenK9C67SkzkDfmQuVln04ygHj3vjZfd9FL+GmQQ=
github.com/ProtonMail/go-crypto v0.0.0-20210428141323-04723f9f07d7/go.mod h1:z4/9nQmJSSwwds7ejkxaJwO37dru3geImFUdJlaLzQo=
github.com/acomagu/bufpipe v1.0.3 h1:fxAGrHZTgQ9w5QqVItgzwj235/uYZYgbXitB+dLupOk=
github.com/acomagu/bufpipe v1.0.3/go.mod h1:mxdxdup/WdsKVreO5GpW4+M/1CE2sMG4jeGJ2sYmHc4=
github.com/agext/levenshtein v1.2.2 h1:0S/Yg6LYmFJ5stwQeRp6EeOcCbj7xiqQSdNelsXvaqE=
github.com/agext/levenshtein v1.2.2/go.mod h1:JEDfjyjHDjOF/1e4FlBE/PkbqA9OfWu2ki2W0IB5558=
github.com/alexkohler/nakedret/v2 v2.0.2 h1:qnXuZNvv3/AxkAb22q/sEsEpcA99YxLFACDtEw9TPxE=
github.com/alexkohler/prealloc v1.0.0 h1:Hbq0/3fJPQhNkN0dR95AVrr6R7tou91y0uHG5pOcUuw=
github.com/alingse/asasalint v0.0.11 h1:SFwnQXJ49Kx/1GghOFz1XGqHYKp21Kq1nHad/0WQRnw=
github.com/anmitsu/go-shlex v0.0.0-20161002113705-648efa622239/go.mod h1:2FmKhYUyUczH0OGQWaF5ceTx0UBShxjsH6f8oGKYe2c=
github.com/apparentlymart/go-dump v0.0.0-20190214190832-042adf3cf4a0 h1:MzVXffFUye+ZcSR6opIgz9Co7WcDx6ZcY+RjfFHoA0I=
github.com/apparentlymart/go-textseg v1.0.0/go.mod h1:z96Txxhf3xSFMPmb5X/1W05FF/Nj9VFpLOpjS5yuumk=
github.com/apparentlymart/go-textseg/v12 v12.0.0/go.mod h1:S/4uRK2UtaQttw1GenVJEynmyUenKwP++x/+DdGV/Ec=
github.com/apparentlymart/go-textseg/v13 v13.0.0 h1:Y+KvPE1NYz0xl601PVImeQfFyEy6iT90AvPUL1NNfNw=
github.com/apparentlymart/go-textseg/v13 v13.0.0/go.mod h1:ZK2fH7c4NqDTLtiYLvIkEghdlcqw7yxLeM89kiTRPUo=
github.com/armon/go-socks5 v0.0.0-20160902184237-e75332964ef5/go.mod h1:wHh0iHkYZB8zMSxRWpUBQtwG5a7fFgvEO+odwuTv2gs=
github.com/ashanbrown/forbidigo v1.6.0 h1:D3aewfM37Yb3pxHujIPSpTf6oQk9sc9WZi8gerOIVIY=
github.com/ashanbrown/makezero v1.1.1 h1:iCQ87C0V0vSyO+M9E/FZYbu65auqH0lnsOkf5FcB28s=
github.com/beorn7/perks v1.0.1 h1:VlbKKnNfV8bJzeqoa4cOKqO6bYr3WgKZxO8Z16+hsOM=
github.com/bkielbasa/cyclop v1.2.1 h1:AeF71HZDob1P2/pRm1so9cd1alZnrpyc4q2uP2l0gJY=
github.com/blizzy78/varnamelen v0.8.0 h1:oqSblyuQvFsW1hbBHh1zfwrKe3kcSj0rnXkKzsQ089M=
github.com/bombsimon/wsl/v3 v3.4.0 h1:RkSxjT3tmlptwfgEgTgU+KYKLI35p/tviNXNXiL2aNU=
github.com/breml/bidichk v0.2.4 h1:i3yedFWWQ7YzjdZJHnPo9d/xURinSq3OM+gyM43K4/8=
github.com/breml/errchkjson v0.3.1 h1:hlIeXuspTyt8Y/UmP5qy1JocGNR00KQHgfaNtRAjoxQ=
github.com/butuzov/ireturn v0.2.0 h1:kCHi+YzC150GE98WFuZQu9yrTn6GEydO2AuPLbTgnO4=
github.com/butuzov/mirror v1.1.0 h1:ZqX54gBVMXu78QLoiqdwpl2mgmoOJTk7s4p4o+0avZI=
github.com/ccojocar/zxcvbn-go v1.0.1 h1:+sxrANSCj6CdadkcMnvde/GWU1vZiiXRbqYSCalV4/4=
github.com/cespare/xxhash/v2 v2.2.0 h1:DC2CZ1Ep5Y4k3ZQ899DldepgrayRUGE6BBZ/cd9Cj44=
github.com/charithe/durationcheck v0.0.10 h1:wgw73BiocdBDQPik+zcEoBG/ob8uyBHf2iyoHGPf5w4=
github.com/chavacava/garif v0.0.0-20230227094218-b8c73b2037b8 h1:W9o46d2kbNL06lq7UNDPV0zYLzkrde/bjIqO02eoll0=
github.com/client9/misspell v0.3.4 h1:ta993UF76GwbvJcIo3Y68y/M3WxlpEHPWIGDkJYwzJI=
github.com/client9/misspell v0.3.4/go.mod h1:qj6jICC3Q7zFZvVWo7KLAzC3yx5G7kyvSDkc90ppPyw=
github.com/creack/pty v1.1.9/go.mod h1:oKZEueFk5CKHvIhNR5MUki03XCEU+Q6VDXinZuGJ33E=
github.com/curioswitch/go-reassign v0.2.0 h1:G9UZyOcpk/d7Gd6mqYgd8XYWFMw/znxwGDUstnC9DIo=
github.com/daixiang0/gci v0.11.0 h1:XeQbFKkCRxvVyn06EOuNY6LPGBLVuB/W130c8FrnX6A=
github.com/davecgh/go-spew v1.1.0/go.mod h1:J7Y8YcW2NihsgmVo/mv3lAwl/skON4iLHjSsI+c5H38=
github.com/davecgh/go-spew v1.1.1 h1:vj9j/u1bqnvCEfJOwUhtlOARqs3+rkHYY13jYWTU97c=
github.com/davecgh/go-spew v1.1.1/go.mod h1:J7Y8YcW2NihsgmVo/mv3lAwl/skON4iLHjSsI+c5H38=
github.com/denis-tingaikin/go-header v0.4.3 h1:tEaZKAlqql6SKCY++utLmkPLd6K8IBM20Ha7UVm+mtU=
github.com/emirpasic/gods v1.12.0 h1:QAUIPSaCu4G+POclxeqb3F+WPpdKqFGlw36+yOzGlrg=
github.com/emirpasic/gods v1.12.0/go.mod h1:YfzfFFoVP/catgzJb4IKIqXjX78Ha8FMSDh3ymbK86o=
github.com/esimonov/ifshort v1.0.4 h1:6SID4yGWfRae/M7hkVDVVyppy8q/v9OuxNdmjLQStBA=
github.com/ettle/strcase v0.1.1 h1:htFueZyVeE1XNnMEfbqp5r67qAN/4r6ya1ysq8Q+Zcw=
github.com/fatih/color v1.13.0/go.mod h1:kLAiJbzzSOZDVNGyDpeOxJ47H46qBXwg5ILebYFFOfk=
github.com/fatih/color v1.15.0 h1:kOqh6YHBtK8aywxGerMG2Eq3H6Qgoqeo13Bk2Mv/nBs=
github.com/fatih/color v1.15.0/go.mod h1:0h5ZqXfHYED7Bhv2ZJamyIOUej9KtShiJESRwBDUSsw=
github.com/fatih/structtag v1.2.0 h1:/OdNE99OxoI/PqaW/SuSK9uxxT3f/tcSZgon/ssNSx4=
github.com/firefart/nonamedreturns v1.0.4 h1:abzI1p7mAEPYuR4A+VLKn4eNDOycjYo2phmY9sfv40Y=
github.com/flynn/go-shlex v0.0.0-20150515145356-3f9db97f8568/go.mod h1:xEzjJPgXI435gkrCt3MPfRiAkVrwSbHsst4LCFVfpJc=
github.com/fsnotify/fsnotify v1.5.4 h1:jRbGcIw6P2Meqdwuo0H1p6JVLbL5DHKAKlYndzMwVZI=
github.com/fzipp/gocyclo v0.6.0 h1:lsblElZG7d3ALtGMx9fmxeTKZaLLpU8mET09yN4BBLo=
github.com/gliderlabs/ssh v0.2.2/go.mod h1:U7qILu1NlMHj9FlMhZLlkCdDnU1DBEAqr0aevW3Awn0=
github.com/go-critic/go-critic v0.9.0 h1:Pmys9qvU3pSML/3GEQ2Xd9RZ/ip+aXHKILuxczKGV/U=
github.com/go-git/gcfg v1.5.0 h1:Q5ViNfGF8zFgyJWPqYwA7qGFoMTEiBmdlkcfRmpIMa4=
github.com/go-git/gcfg v1.5.0/go.mod h1:5m20vg6GwYabIxaOonVkTdrILxQMpEShl1xiMF4ua+E=
github.com/go-git/go-billy/v5 v5.2.0/go.mod h1:pmpqyWchKfYfrkb/UVH4otLvyi/5gJlGI4Hb3ZqZ3W0=
github.com/go-git/go-billy/v5 v5.3.1 h1:CPiOUAzKtMRvolEKw+bG1PLRpT7D3LIs3/3ey4Aiu34=
github.com/go-git/go-billy/v5 v5.3.1/go.mod h1:pmpqyWchKfYfrkb/UVH4otLvyi/5gJlGI4Hb3ZqZ3W0=
github.com/go-git/go-git-fixtures/v4 v4.2.1/go.mod h1:K8zd3kDUAykwTdDCr+I0per6Y6vMiRR/nnVTBtavnB0=
github.com/go-git/go-git/v5 v5.4.2 h1:BXyZu9t0VkbiHtqrsvdq39UDhGJTl1h55VW6CSC4aY4=
github.com/go-git/go-git/v5 v5.4.2/go.mod h1:gQ1kArt6d+n+BGd+/B/I74HwRTLhth2+zti4ihgckDc=
github.com/go-test/deep v1.0.3 h1:ZrJSEWsXzPOxaZnFteGEfooLba+ju3FYIbOrS+rQd68=
github.com/go-toolsmith/astcast v1.1.0 h1:+JN9xZV1A+Re+95pgnMgDboWNVnIMMQXwfBwLRPgSC8=
github.com/go-toolsmith/astcopy v1.1.0 h1:YGwBN0WM+ekI/6SS6+52zLDEf8Yvp3n2seZITCUBt5s=
github.com/go-toolsmith/astequal v1.1.0 h1:kHKm1AWqClYn15R0K1KKE4RG614D46n+nqUQ06E1dTw=
github.com/go-toolsmith/astfmt v1.1.0 h1:iJVPDPp6/7AaeLJEruMsBUlOYCmvg0MoCfJprsOmcco=
github.com/go-toolsmith/astp v1.1.0 h1:dXPuCl6u2llURjdPLLDxJeZInAeZ0/eZwFJmqZMnpQA=
github.com/go-toolsmith/strparse v1.1.0 h1:GAioeZUK9TGxnLS+qfdqNbA4z0SSm5zVNtCQiyP2Bvw=
github.com/go-toolsmith/typep v1.1.0 h1:fIRYDyF+JywLfqzyhdiHzRop/GQDxxNhLGQ6gFUNHus=
github.com/go-xmlfmt/xmlfmt v1.1.2 h1:Nea7b4icn8s57fTx1M5AI4qQT5HEM3rVUO8MuE6g80U=
github.com/gobwas/glob v0.2.3 h1:A4xDbljILXROh+kObIiy5kIaPYD8e96x1tgBhUI5J+Y=
github.com/gofrs/flock v0.8.1 h1:+gYjHKf32LDeiEEFhQaotPbLuUXjY5ZqxKgXy7n59aw=
github.com/golang/protobuf v1.1.0/go.mod h1:6lQm79b+lXiMfvg/cZm0SGofjICqVBUtrP5yJMmIC1U=
github.com/golang/protobuf v1.2.0/go.mod h1:6lQm79b+lXiMfvg/cZm0SGofjICqVBUtrP5yJMmIC1U=
github.com/golang/protobuf v1.3.1/go.mod h1:6lQm79b+lXiMfvg/cZm0SGofjICqVBUtrP5yJMmIC1U=
github.com/golang/protobuf v1.3.4/go.mod h1:vzj43D7+SQXF/4pzW/hwtAqwc6iTitCiVSaWz5lYuqw=
github.com/golang/protobuf v1.5.0/go.mod h1:FsONVRAS9T7sI+LIUmWTfcYkHO4aIWwzhcaSAoJOfIk=
github.com/golang/protobuf v1.5.2 h1:ROPKBNFfQgOUMifHyP+KYbvpjbdoFNs+aK7DXlji0Tw=
github.com/golang/protobuf v1.5.2/go.mod h1:XVQd3VNwM+JqD3oG2Ue2ip4fOMUkwXdXDdiuN0vRsmY=
github.com/golangci/check v0.0.0-20180506172741-cfe4005ccda2 h1:23T5iq8rbUYlhpt5DB4XJkc6BU31uODLD1o1gKvZmD0=
github.com/golangci/dupl v0.0.0-20180902072040-3e9179ac440a h1:w8hkcTqaFpzKqonE9uMCefW1WDie15eSP/4MssdenaM=
github.com/golangci/go-misc v0.0.0-20220329215616-d24fe342adfe h1:6RGUuS7EGotKx6J5HIP8ZtyMdiDscjMLfRBSPuzVVeo=
github.com/golangci/gofmt v0.0.0-20220901101216-f2edd75033f2 h1:amWTbTGqOZ71ruzrdA+Nx5WA3tV1N0goTspwmKCQvBY=
github.com/golangci/golangci-lint v1.54.2 h1:oR9zxfWYxt7hFqk6+fw6Enr+E7F0SN2nqHhJYyIb0yo=
github.com/golangci/golangci-lint v1.54.2/go.mod h1:vnsaCTPKCI2wreL9tv7RkHDwUrz3htLjed6+6UsvcwU=
github.com/golangci/lint-1 v0.0.0-20191013205115-297bf364a8e0 h1:MfyDlzVjl1hoaPzPD4Gpb/QgoRfSBR0jdhwGyAWwMSA=
github.com/golangci/maligned v0.0.0-20180506175553-b1d89398deca h1:kNY3/svz5T29MYHubXix4aDDuE3RWHkPvopM/EDv/MA=
github.com/golangci/misspell v0.4.1 h1:+y73iSicVy2PqyX7kmUefHusENlrP9YwuHZHPLGQj/g=
github.com/golangci/revgrep v0.0.0-20220804021717-745bb2f7c2e6 h1:DIPQnGy2Gv2FSA4B/hh8Q7xx3B7AIDk3DAMeHclH1vQ=
github.com/golangci/unconvert v0.0.0-20180507085042-28b1c447d1f4 h1:zwtduBRr5SSWhqsYNgcuWO2kFlpdOZbP0+yRjmvPGys=
github.com/google/go-cmp v0.3.0/go.mod h1:8QqcDgzrUqlUb/G2PQTWiueGozuR1884gddMywk6iLU=
github.com/google/go-cmp v0.3.1/go.mod h1:8QqcDgzrUqlUb/G2PQTWiueGozuR1884gddMywk6iLU=
github.com/google/go-cmp v0.5.5/go.mod h1:v8dTdLbMG2kIc/vJvl+f65V22dbkXbowE6jgT/gNBxE=
github.com/google/go-cmp v0.5.8/go.mod h1:17dUlkBOakJ0+DkrSSNjCkIjxS6bF9zb3elmeNGIjoY=
github.com/google/go-cmp v0.5.9 h1:O2Tfq5qg4qc4AmwVlvv0oLiVAGB7enBSJ2x2DqQFi38=
github.com/google/go-cmp v0.5.9/go.mod h1:17dUlkBOakJ0+DkrSSNjCkIjxS6bF9zb3elmeNGIjoY=
github.com/gordonklaus/ineffassign v0.0.0-20230610083614-0e73809eb601 h1:mrEEilTAUmaAORhssPPkxj84TsHrPMLBGW2Z4SoTxm8=
github.com/gostaticanalysis/analysisutil v0.7.1 h1:ZMCjoue3DtDWQ5WyU16YbjbQEQ3VuzwxALrpYd+HeKk=
github.com/gostaticanalysis/comment v1.4.2 h1:hlnx5+S2fY9Zo9ePo4AhgYsYHbM2+eAv8m/s1JiCd6Q=
github.com/gostaticanalysis/forcetypeassert v0.1.0 h1:6eUflI3DiGusXGK6X7cCcIgVCpZ2CiZ1Q7jl6ZxNV70=
github.com/gostaticanalysis/nilerr v0.1.1 h1:ThE+hJP0fEp4zWLkWHWcRyI2Od0p7DlgYG3Uqrmrcpk=
github.com/hashicorp/errwrap v1.0.0 h1:hLrqtEDnRye3+sgx6z4qVLNuviH3MR5aQ0ykNJa/UYA=
github.com/hashicorp/errwrap v1.0.0/go.mod h1:YH+1FKiLXxHSkmPseP+kNlulaMuP3n2brvKWEqk/Jc4=
github.com/hashicorp/go-checkpoint v0.5.0 h1:MFYpPZCnQqQTE18jFwSII6eUQrD/oxMFp3mlgcqk5mU=
github.com/hashicorp/go-checkpoint v0.5.0/go.mod h1:7nfLNL10NsxqO4iWuW6tWW0HjZuDrwkBuEQsVcpCOgg=
github.com/hashicorp/go-cleanhttp v0.5.0/go.mod h1:JpRdi6/HCYpAwUzNwuwqhbovhLtngrth3wmdIIUrZ80=
github.com/hashicorp/go-cleanhttp v0.5.1/go.mod h1:JpRdi6/HCYpAwUzNwuwqhbovhLtngrth3wmdIIUrZ80=
github.com/hashicorp/go-cleanhttp v0.5.2 h1:035FKYIWjmULyFRBKPs8TBQoi0x6d9G4xc9neXJWAZQ=
github.com/hashicorp/go-cleanhttp v0.5.2/go.mod h1:kO/YDlP8L1346E6Sodw+PrpBSV4/SoxCXGY6BqNFT48=
github.com/hashicorp/go-cty v1.4.1-0.20200414143053-d3edf31b6320 h1:1/D3zfFHttUKaCaGKZ/dR2roBXv0vKbSCnssIldfQdI=
github.com/hashicorp/go-cty v1.4.1-0.20200414143053-d3edf31b6320/go.mod h1:EiZBMaudVLy8fmjf9Npq1dq9RalhveqZG5w/yz3mHWs=
github.com/hashicorp/go-hclog v1.2.1 h1:YQsLlGDJgwhXFpucSPyVbCBviQtjlHv3jLTlp8YmtEw=
github.com/hashicorp/go-hclog v1.2.1/go.mod h1:W4Qnvbt70Wk/zYJryRzDRU/4r0kIg0PVHBcfoyhpF5M=
github.com/hashicorp/go-multierror v1.1.1 h1:H5DkEtf6CXdFp0N0Em5UCwQpXMWke8IA0+lD48awMYo=
github.com/hashicorp/go-multierror v1.1.1/go.mod h1:iw975J/qwKPdAO1clOe2L8331t/9/fmwbPZ6JB6eMoM=
github.com/hashicorp/go-plugin v1.4.6 h1:MDV3UrKQBM3du3G7MApDGvOsMYy3JQJ4exhSoKBAeVA=
github.com/hashicorp/go-plugin v1.4.6/go.mod h1:viDMjcLJuDui6pXb8U4HVfb8AamCWhHGUjr2IrTF67s=
github.com/hashicorp/go-uuid v1.0.0/go.mod h1:6SBZvOh/SIDV7/2o3Jml5SYk/TvGqwFJ/bN7x4byOro=
github.com/hashicorp/go-uuid v1.0.3 h1:2gKiV6YVmrJ1i2CKKa9obLvRieoRGviZFL26PcT/Co8=
github.com/hashicorp/go-uuid v1.0.3/go.mod h1:6SBZvOh/SIDV7/2o3Jml5SYk/TvGqwFJ/bN7x4byOro=
github.com/hashicorp/go-version v1.2.0/go.mod h1:fltr4n8CU8Ke44wwGCBoEymUuxUHl09ZGVZPK5anwXA=
github.com/hashicorp/go-version v1.5.0/go.mod h1:fltr4n8CU8Ke44wwGCBoEymUuxUHl09ZGVZPK5anwXA=
github.com/hashicorp/go-version v1.6.0 h1:feTTfFNnjP967rlCxM/I9g701jU+RN74YKx2mOkIeek=
github.com/hashicorp/go-version v1.6.0/go.mod h1:fltr4n8CU8Ke44wwGCBoEymUuxUHl09ZGVZPK5anwXA=
github.com/hashicorp/hc-install v0.4.0 h1:cZkRFr1WVa0Ty6x5fTvL1TuO1flul231rWkGH92oYYk=
github.com/hashicorp/hc-install v0.4.0/go.mod h1:5d155H8EC5ewegao9A4PUTMNPZaq+TbOzkJJZ4vrXeI=
github.com/hashicorp/hcl v1.0.0 h1:0Anlzjpi4vEasTeNFn2mLJgTSwt0+6sfsiTG8qcWGx4=
github.com/hashicorp/hcl/v2 v2.15.0 h1:CPDXO6+uORPjKflkWCCwoWc9uRp+zSIPcCQ+BrxV7m8=
github.com/hashicorp/hcl/v2 v2.15.0/go.mod h1:JRmR89jycNkrrqnMmvPDMd56n1rQJ2Q6KocSLCMCXng=
github.com/hashicorp/logutils v1.0.0 h1:dLEQVugN8vlakKOUE3ihGLTZJRB4j+M2cdTm/ORI65Y=
github.com/hashicorp/logutils v1.0.0/go.mod h1:QIAnNjmIWmVIIkWDTG1z5v++HQmx9WQRO+LraFDTW64=
github.com/hashicorp/terraform-exec v0.17.3 h1:MX14Kvnka/oWGmIkyuyvL6POx25ZmKrjlaclkx3eErU=
github.com/hashicorp/terraform-exec v0.17.3/go.mod h1:+NELG0EqQekJzhvikkeQsOAZpsw0cv/03rbeQJqscAI=
github.com/hashicorp/terraform-json v0.14.0 h1:sh9iZ1Y8IFJLx+xQiKHGud6/TSUCM0N8e17dKDpqV7s=
github.com/hashicorp/terraform-json v0.14.0/go.mod h1:5A9HIWPkk4e5aeeXIBbkcOvaZbIYnAIkEyqP2pNSckM=
github.com/hashicorp/terraform-plugin-go v0.14.1 h1:cwZzPYla82XwAqpLhSzdVsOMU+6H29tczAwrB0z9Zek=
github.com/hashicorp/terraform-plugin-go v0.14.1/go.mod h1:Bc/K6K26BQ2FHqIELPbpKtt2CzzbQou+0UQF3/0NsCQ=
github.com/hashicorp/terraform-plugin-log v0.7.0 h1:SDxJUyT8TwN4l5b5/VkiTIaQgY6R+Y2BQ0sRZftGKQs=
github.com/hashicorp/terraform-plugin-log v0.7.0/go.mod h1:p4R1jWBXRTvL4odmEkFfDdhUjHf9zcs/BCoNHAc7IK4=
github.com/hashicorp/terraform-plugin-sdk/v2 v2.24.1 h1:zHcMbxY0+rFO9gY99elV/XC/UnQVg7FhRCbj1i5b7vM=
github.com/hashicorp/terraform-plugin-sdk/v2 v2.24.1/go.mod h1:+tNlb0wkfdsDJ7JEiERLz4HzM19HyiuIoGzTsM7rPpw=
github.com/hashicorp/terraform-registry-address v0.0.0-20220623143253-7d51757b572c h1:D8aRO6+mTqHfLsK/BC3j5OAoogv1WLRWzY1AaTo3rBg=
github.com/hashicorp/terraform-registry-address v0.0.0-20220623143253-7d51757b572c/go.mod h1:Wn3Na71knbXc1G8Lh+yu/dQWWJeFQEpDeJMtWMtlmNI=
github.com/hashicorp/terraform-svchost v0.0.0-20200729002733-f050f53b9734 h1:HKLsbzeOsfXmKNpr3GiT18XAblV0BjCbzL8KQAMZGa0=
github.com/hashicorp/terraform-svchost v0.0.0-20200729002733-f050f53b9734/go.mod h1:kNDNcF7sN4DocDLBkQYz73HGKwN1ANB1blq4lIYLYvg=
github.com/hashicorp/yamux v0.0.0-20181012175058-2f1d1f20f75d h1:kJCB4vdITiW1eC1vq2e6IsrXKrZit1bv/TDYFGMp4BQ=
github.com/hashicorp/yamux v0.0.0-20181012175058-2f1d1f20f75d/go.mod h1:+NfK9FKeTrX5uv1uIXGdwYDTeHna2qgaIlx54MXqjAM=
github.com/hexops/gotextdiff v1.0.3 h1:gitA9+qJrrTCsiCl7+kh75nPqQt1cx4ZkudSTLoUqJM=
github.com/imdario/mergo v0.3.12 h1:b6R2BslTbIEToALKP7LxUvijTsNI9TAe80pLWN2g/HU=
github.com/imdario/mergo v0.3.12/go.mod h1:jmQim1M+e3UYxmgPu/WyfjB3N3VflVyUjjjwH0dnCYA=
github.com/jbenet/go-context v0.0.0-20150711004518-d14ea06fba99 h1:BQSFePA1RWJOlocH6Fxy8MmwDt+yVQYULKfN0RoTN8A=
github.com/jbenet/go-context v0.0.0-20150711004518-d14ea06fba99/go.mod h1:1lJo3i6rXxKeerYnT8Nvf0QmHCRC1n8sfWVwXF2Frvo=
github.com/jessevdk/go-flags v1.5.0/go.mod h1:Fw0T6WPc1dYxT4mKEZRfG5kJhaTDP9pj1c2EWnYs/m4=
github.com/jgautheron/goconst v1.5.1 h1:HxVbL1MhydKs8R8n/HE5NPvzfaYmQJA3o879lE4+WcM=
github.com/jhump/protoreflect v1.6.0 h1:h5jfMVslIg6l29nsMs0D8Wj17RDVdNYti0vDN/PZZoE=
github.com/jingyugao/rowserrcheck v1.1.1 h1:zibz55j/MJtLsjP1OF4bSdgXxwL1b+Vn7Tjzq7gFzUs=
github.com/jirfag/go-printf-func-name v0.0.0-20200119135958-7558a9eaa5af h1:KA9BjwUk7KlCh6S9EAGWBt1oExIUv9WyNCiRz5amv48=
github.com/julz/importas v0.1.0 h1:F78HnrsjY3cR7j0etXy5+TU1Zuy7Xt08X/1aJnH5xXY=
github.com/kevinburke/ssh_config v0.0.0-20201106050909-4977a11b4351 h1:DowS9hvgyYSX4TO5NpyC606/Z4SxnNYbT+WX27or6Ck=
github.com/kevinburke/ssh_config v0.0.0-20201106050909-4977a11b4351/go.mod h1:CT57kijsi8u/K/BOFA39wgDQJ9CxiF4nAY/ojJ6r6mM=
github.com/kisielk/errcheck v1.6.3 h1:dEKh+GLHcWm2oN34nMvDzn1sqI0i0WxPvrgiJA5JuM8=
github.com/kisielk/gotool v1.0.0 h1:AV2c/EiW3KqPNT9ZKl07ehoAGi4C5/01Cfbblndcapg=
github.com/kkHAIKE/contextcheck v1.1.4 h1:B6zAaLhOEEcjvUgIYEqystmnFk1Oemn8bvJhbt0GMb8=
github.com/konsorten/go-windows-terminal-sequences v1.0.1/go.mod h1:T0+1ngSBFLxvqU3pZ+m/2kptfBszLMUkC4ZK/EgS/cQ=
github.com/kr/pretty v0.1.0/go.mod h1:dAy3ld7l9f0ibDNOQOHHMYYIIbhfbHSm3C4ZsoJORNo=
github.com/kr/pretty v0.2.1 h1:Fmg33tUaq4/8ym9TJN1x7sLJnHVwhP33CNkpYV/7rwI=
github.com/kr/pretty v0.2.1/go.mod h1:ipq/a2n7PKx3OHsz4KJII5eveXtPO4qwEXGdVfWzfnI=
github.com/kr/pty v1.1.1/go.mod h1:pFQYn66WHrOpPYNljwOMqo10TkYh1fy3cYio2l3bCsQ=
github.com/kr/text v0.1.0/go.mod h1:4Jbv+DJW3UT/LiOwJeYQe1efqtUx/iVham/4vfdArNI=
github.com/kr/text v0.2.0 h1:5Nx0Ya0ZqY2ygV366QzturHI13Jq95ApcVaJBhpS+AY=
github.com/kr/text v0.2.0/go.mod h1:eLer722TekiGuMkidMxC/pM04lWEeraHUUmBw8l2grE=
github.com/kulti/thelper v0.6.3 h1:ElhKf+AlItIu+xGnI990no4cE2+XaSu1ULymV2Yulxs=
github.com/kunwardeep/paralleltest v1.0.8 h1:Ul2KsqtzFxTlSU7IP0JusWlLiNqQaloB9vguyjbE558=
github.com/kylelemons/godebug v0.0.0-20170820004349-d65d576e9348/go.mod h1:B69LEHPfb2qLo0BaaOLcbitczOKLWTsrBG9LczfCD4k=
github.com/kylelemons/godebug v1.1.0 h1:RPNrshWIDI6G2gRW9EHilWtl7Z6Sb1BR0xunSBf0SNc=
github.com/kyoh86/exportloopref v0.1.11 h1:1Z0bcmTypkL3Q4k+IDHMWTcnCliEZcaPiIe0/ymEyhQ=
github.com/ldez/gomoddirectives v0.2.3 h1:y7MBaisZVDYmKvt9/l1mjNCiSA1BVn34U0ObUcJwlhA=
github.com/ldez/tagliatelle v0.5.0 h1:epgfuYt9v0CG3fms0pEgIMNPuFf/LpPIfjk4kyqSioo=
github.com/leonklingele/grouper v1.1.1 h1:suWXRU57D4/Enn6pXR0QVqqWWrnJ9Osrz+5rjt8ivzU=
github.com/lufeee/execinquery v1.2.1 h1:hf0Ems4SHcUGBxpGN7Jz78z1ppVkP/837ZlETPCEtOM=
github.com/magiconair/properties v1.8.6 h1:5ibWZ6iY0NctNGWo87LalDlEZ6R41TqbbDamhfG/Qzo=
github.com/maratori/testableexamples v1.0.0 h1:dU5alXRrD8WKSjOUnmJZuzdxWOEQ57+7s93SLMxb2vI=
github.com/maratori/testpackage v1.1.1 h1:S58XVV5AD7HADMmD0fNnziNHqKvSdDuEKdPD1rNTU04=
github.com/matoous/godox v0.0.0-20230222163458-006bad1f9d26 h1:gWg6ZQ4JhDfJPqlo2srm/LN17lpybq15AryXIRcWYLE=
github.com/matryer/is v1.2.0/go.mod h1:2fLPjFQM9rhQ15aVEtbuwhJinnOqrmgXPNdZsdwlWXA=
github.com/mattn/go-colorable v0.1.9/go.mod h1:u6P/XSegPjTcexA+o6vUJrdnUu04hMope9wVRipJSqc=
github.com/mattn/go-colorable v0.1.12/go.mod h1:u5H1YNBxpqRaxsYJYSkiCWKzEfiAb1Gb520KVy5xxl4=
github.com/mattn/go-colorable v0.1.13 h1:fFA4WZxdEF4tXPZVKMLwD8oUnCTTo08duU7wxecdEvA=
github.com/mattn/go-colorable v0.1.13/go.mod h1:7S9/ev0klgBDR4GtXTXX8a3vIGJpMovkB8vQcUbaXHg=
github.com/mattn/go-isatty v0.0.12/go.mod h1:cbi8OIDigv2wuxKPP5vlRcQ1OAZbq2CE4Kysco4FUpU=
github.com/mattn/go-isatty v0.0.14/go.mod h1:7GGIvUiUoEMVVmxf/4nioHXj79iQHKdU27kJ6hsGG94=
github.com/mattn/go-isatty v0.0.16/go.mod h1:kYGgaQfpe5nmfYZH+SKPsOc2e4SrIfOl2e/yFXSvRLM=
github.com/mattn/go-isatty v0.0.17 h1:BTarxUcIeDqL27Mc+vyvdWYSL28zpIhv3RoTdsLMPng=
github.com/mattn/go-isatty v0.0.17/go.mod h1:kYGgaQfpe5nmfYZH+SKPsOc2e4SrIfOl2e/yFXSvRLM=
github.com/mattn/go-runewidth v0.0.9 h1:Lm995f3rfxdpd6TSmuVCHVb/QhupuXlYr8sCI/QdE+0=
github.com/matttproud/golang_protobuf_extensions v1.0.1 h1:4hp9jkHxhMHkqkrB3Ix0jegS5sx/RkqARlsWZ6pIwiU=
github.com/mbilski/exhaustivestruct v1.2.0 h1:wCBmUnSYufAHO6J4AVWY6ff+oxWxsVFrwgOdMUQePUo=
github.com/mgechev/revive v1.3.2 h1:Wb8NQKBaALBJ3xrrj4zpwJwqwNA6nDpyJSEQWcCka6U=
github.com/mitchellh/copystructure v1.2.0 h1:vpKXTN4ewci03Vljg/q9QvCGUDttBOGBIa15WveJJGw=
github.com/mitchellh/copystructure v1.2.0/go.mod h1:qLl+cE2AmVv+CoeAwDPye/v+N2HKCj9FbZEVFJRxO9s=
github.com/mitchellh/go-homedir v1.1.0 h1:lukF9ziXFxDFPkA1vsr5zpc1XuPDn/wFntq5mG+4E0Y=
github.com/mitchellh/go-homedir v1.1.0/go.mod h1:SfyaCUpYCn1Vlf4IUYiD9fPX4A5wJrkLzIz1N1q0pr0=
github.com/mitchellh/go-testing-interface v1.14.1 h1:jrgshOhYAUVNMAJiKbEu7EqAwgJJ2JqpQmpLJOu07cU=
github.com/mitchellh/go-testing-interface v1.14.1/go.mod h1:gfgS7OtZj6MA4U1UrDRp04twqAjfvlZyCfX3sDjEym8=
github.com/mitchellh/go-wordwrap v1.0.0 h1:6GlHJ/LTGMrIJbwgdqdl2eEH8o+Exx/0m8ir9Gns0u4=
github.com/mitchellh/go-wordwrap v1.0.0/go.mod h1:ZXFpozHsX6DPmq2I0TCekCxypsnAUbP2oI0UX1GXzOo=
github.com/mitchellh/mapstructure v1.5.0 h1:jeMsZIYE/09sWLaz43PL7Gy6RuMjD2eJVyuac5Z2hdY=
github.com/mitchellh/mapstructure v1.5.0/go.mod h1:bFUtVrKA4DC2yAKiSyO/QUcy7e+RRV2QTWOzhPopBRo=
github.com/mitchellh/reflectwalk v1.0.2 h1:G2LzWKi524PWgd3mLHV8Y5k7s6XUvT0Gef6zxSIeXaQ=
github.com/mitchellh/reflectwalk v1.0.2/go.mod h1:mSTlrgnPZtwu0c4WaC2kGObEpuNDbx0jmZXqmk4esnw=
github.com/moricho/tparallel v0.3.1 h1:fQKD4U1wRMAYNngDonW5XupoB/ZGJHdpzrWqgyg9krA=
github.com/nakabonne/nestif v0.3.1 h1:wm28nZjhQY5HyYPx+weN3Q65k6ilSBxDb8v5S81B81U=
github.com/niemeyer/pretty v0.0.0-20200227124842-a10e7caefd8e/go.mod h1:zD1mROLANZcx1PVRCS0qkT7pwLkGfwJo4zjcN/Tysno=
github.com/nishanths/exhaustive v0.11.0 h1:T3I8nUGhl/Cwu5Z2hfc92l0e04D2GEW6e0l8pzda2l0=
github.com/nishanths/predeclared v0.2.2 h1:V2EPdZPliZymNAn79T8RkNApBjMmVKh5XRpLm/w98Vk=
github.com/nsf/jsondiff v0.0.0-20200515183724-f29ed568f4ce h1:RPclfga2SEJmgMmz2k+Mg7cowZ8yv4Trqw9UsJby758=
github.com/nunnatsa/ginkgolinter v0.13.5 h1:fOsPB4CEZOPkyMqF4B9hoqOpooFWU7vWSVkCSscVpgU=
github.com/oklog/run v1.0.0 h1:Ru7dDtJNOyC66gQ5dQmaCa0qIsAUFY3sFpK1Xk8igrw=
github.com/oklog/run v1.0.0/go.mod h1:dlhp/R75TPv97u0XWUtDeV/lRKWPKSdTuV0TZvrmrQA=
github.com/olekukonko/tablewriter v0.0.5 h1:P2Ga83D34wi1o9J6Wh1mRuqd4mF/x/lgBS7N7AbDhec=
github.com/pelletier/go-toml v1.9.5 h1:4yBQzkHv+7BHq2PQUZF3Mx0IYxG7LsP222s7Agd3ve8=
github.com/pelletier/go-toml/v2 v2.0.5 h1:ipoSadvV8oGUjnUbMub59IDPPwfxF694nG/jwbMiyQg=
github.com/pkg/errors v0.8.1/go.mod h1:bwawxfHBFNV+L2hUp1rHADufV3IMtnDRdf1r5NINEl0=
github.com/pkg/errors v0.9.1/go.mod h1:bwawxfHBFNV+L2hUp1rHADufV3IMtnDRdf1r5NINEl0=
github.com/pmezard/go-difflib v1.0.0 h1:4DBwDE0NGyQoBHbLQYPwSUPoCMWR5BEzIk/f1lZbAQM=
github.com/pmezard/go-difflib v1.0.0/go.mod h1:iKH77koFhYxTK1pcRnkKkqfTogsbg7gZNVY4sRDYZ/4=
github.com/polyfloyd/go-errorlint v1.4.4 h1:A9gytp+p6TYqeALTYRoxJESYP8wJRETRX2xzGWFsEBU=
github.com/prometheus/client_golang v1.12.1 h1:ZiaPsmm9uiBeaSMRznKsCDNtPCS0T3JVDGF+06gjBzk=
github.com/prometheus/client_model v0.2.0 h1:uq5h0d+GuxiXLJLNABMgp2qUWDPiLvgCzz2dUR+/W/M=
github.com/prometheus/common v0.32.1 h1:hWIdL3N2HoUx3B8j3YN9mWor0qhY/NlEKZEaXxuIRh4=
github.com/prometheus/procfs v0.7.3 h1:4jVXhlkAyzOScmCkXBTOLRLTz8EeU+eyjrwB/EPq0VU=
github.com/quasilyte/go-ruleguard v0.4.0 h1:DyM6r+TKL+xbKB4Nm7Afd1IQh9kEUKQs2pboWGKtvQo=
github.com/quasilyte/gogrep v0.5.0 h1:eTKODPXbI8ffJMN+W2aE0+oL0z/nh8/5eNdiO34SOAo=
github.com/quasilyte/regex/syntax v0.0.0-20210819130434-b3f0c404a727 h1:TCg2WBOl980XxGFEZSS6KlBGIV0diGdySzxATTWoqaU=
github.com/quasilyte/stdinfo v0.0.0-20220114132959-f7386bf02567 h1:M8mH9eK4OUR4lu7Gd+PU1fV2/qnDNfzT635KRSObncs=
github.com/ryancurrah/gomodguard v1.3.0 h1:q15RT/pd6UggBXVBuLps8BXRvl5GPBcwVA7BJHMLuTw=
github.com/ryanrolds/sqlclosecheck v0.4.0 h1:i8SX60Rppc1wRuyQjMciLqIzV3xnoHB7/tXbr6RGYNI=
github.com/sanposhiho/wastedassign/v2 v2.0.7 h1:J+6nrY4VW+gC9xFzUc+XjPD3g3wF3je/NsJFwFK7Uxc=
github.com/sashamelentyev/interfacebloat v1.1.0 h1:xdRdJp0irL086OyW1H/RTZTr1h/tMEOsumirXcOJqAw=
github.com/sashamelentyev/usestdlibvars v1.24.0 h1:MKNzmXtGh5N0y74Z/CIaJh4GlB364l0K1RUT08WSWAc=
github.com/sebdah/goldie v1.0.0/go.mod h1:jXP4hmWywNEwZzhMuv2ccnqTSFpuq8iyQhtQdkkZBH4=
github.com/securego/gosec/v2 v2.17.0 h1:ZpAStTDKY39insEG9OH6kV3IkhQZPTq9a9eGOLOjcdI=
github.com/sergi/go-diff v1.1.0/go.mod h1:STckp+ISIX8hZLjrqAeVduY0gWCT9IjLuqbuNXdaHfM=
github.com/sergi/go-diff v1.2.0 h1:XU+rvMAioB0UC3q1MFrIQy4Vo5/4VsRDQQXHsEya6xQ=
github.com/shazow/go-diff v0.0.0-20160112020656-b6b7b6733b8c h1:W65qqJCIOVP4jpqPQ0YvHYKwcMEMVWIzWC5iNQQfBTU=
github.com/sirupsen/logrus v1.4.1/go.mod h1:ni0Sbl8bgC9z8RoU9G6nDWqqs/fq4eDPysMBDgk/93Q=
github.com/sirupsen/logrus v1.9.3 h1:dueUQJ1C2q9oE3F7wvmSGAaVtTmUizReu6fjN8uqzbQ=
github.com/sivchari/containedctx v1.0.3 h1:x+etemjbsh2fB5ewm5FeLNi5bUjK0V8n0RB+Wwfd0XE=
github.com/sivchari/nosnakecase v1.7.0 h1:7QkpWIRMe8x25gckkFd2A5Pi6Ymo0qgr4JrhGt95do8=
github.com/sivchari/tenv v1.7.1 h1:PSpuD4bu6fSmtWMxSGWcvqUUgIn7k3yOJhOIzVWn8Ak=
github.com/sonatard/noctx v0.0.2 h1:L7Dz4De2zDQhW8S0t+KUjY0MAQJd6SgVwhzNIc4ok00=
github.com/sourcegraph/go-diff v0.7.0 h1:9uLlrd5T46OXs5qpp8L/MTltk0zikUGi0sNNyCpA8G0=
github.com/spf13/afero v1.8.2 h1:xehSyVa0YnHWsJ49JFljMpg1HX19V6NDZ1fkm1Xznbo=
github.com/spf13/cast v1.5.0 h1:rj3WzYc11XZaIZMPKmwP96zkFEnnAmV8s6XbB2aY32w=
github.com/spf13/cobra v1.7.0 h1:hyqWnYt1ZQShIddO5kBpj3vu05/++x6tJ6dg8EC572I=
github.com/spf13/jwalterweatherman v1.1.0 h1:ue6voC5bR5F8YxI5S67j9i582FU4Qvo2bmqnqMYADFk=
github.com/spf13/pflag v1.0.5 h1:iy+VFUOCP1a+8yFto/drg2CJ5u0yRoB7fZw3DKv/JXA=
github.com/spf13/viper v1.12.0 h1:CZ7eSOd3kZoaYDLbXnmzgQI5RlciuXBMA+18HwHRfZQ=
github.com/ssgreg/nlreturn/v2 v2.2.1 h1:X4XDI7jstt3ySqGU86YGAURbxw3oTDPK9sPEi6YEwQ0=
github.com/stbenjam/no-sprintf-host-port v0.1.1 h1:tYugd/yrm1O0dV+ThCbaKZh195Dfm07ysF0U6JQXczc=
github.com/stretchr/objx v0.1.0/go.mod h1:HFkY916IF+rwdDfMAkV7OtwuqBVzrE8GR6GFx+wExME=
github.com/stretchr/objx v0.1.1/go.mod h1:HFkY916IF+rwdDfMAkV7OtwuqBVzrE8GR6GFx+wExME=
github.com/stretchr/objx v0.5.0 h1:1zr/of2m5FGMsad5YfcqgdqdWrIhu+EBEJRhR1U7z/c=
github.com/stretchr/testify v1.2.2/go.mod h1:a8OnRcib4nhh0OaRAV+Yts87kKdq0PP7pXfy6kDkUVs=
github.com/stretchr/testify v1.3.0/go.mod h1:M5WIy9Dh21IEIfnGCwXGc5bZfKNJtfHm1UVUgZn+9EI=
github.com/stretchr/testify v1.4.0/go.mod h1:j7eGeouHqKxXV5pUuKE4zz7dFj8WfuZ+81PSLYec5m4=
github.com/stretchr/testify v1.7.0/go.mod h1:6Fq8oRcR53rry900zMqJjRRixrwX3KX962/h/Wwjteg=
github.com/stretchr/testify v1.7.2/go.mod h1:R6va5+xMeoiuVRoj+gSkQ7d3FALtqAAGI1FQKckRals=
github.com/stretchr/testify v1.8.4 h1:CcVxjf3Q8PM0mHUKJCdn+eZZtm5yQwehR5yeSVQQcUk=
github.com/stretchr/testify v1.8.4/go.mod h1:sz/lmYIOXD/1dqDmKjjqLyZ2RngseejIcXlSw2iwfAo=
github.com/subosito/gotenv v1.4.1 h1:jyEFiXpy21Wm81FBN71l9VoMMV8H8jG+qIK3GCpY6Qs=
github.com/tdakkota/asciicheck v0.2.0 h1:o8jvnUANo0qXtnslk2d3nMKTFNlOnJjRrNcj0j9qkHM=
github.com/tetafro/godot v1.4.14 h1:ScO641OHpf9UpHPk8fCknSuXNMpi4iFlwuWoBs3L+1s=
github.com/timakin/bodyclose v0.0.0-20230421092635-574207250966 h1:quvGphlmUVU+nhpFa4gg4yJyTRJ13reZMDHrKwYw53M=
github.com/timonwong/loggercheck v0.9.4 h1:HKKhqrjcVj8sxL7K77beXh0adEm6DLjV/QOGeMXEVi4=
github.com/tomarrell/wrapcheck/v2 v2.8.1 h1:HxSqDSN0sAt0yJYsrcYVoEeyM4aI9yAm3KQpIXDJRhQ=
github.com/tommy-muehle/go-mnd/v2 v2.5.1 h1:NowYhSdyE/1zwK9QCLeRb6USWdoif80Ie+v+yU8u1Zw=
github.com/ultraware/funlen v0.1.0 h1:BuqclbkY6pO+cvxoq7OsktIXZpgBSkYTQtmwhAK81vI=
github.com/ultraware/whitespace v0.0.5 h1:hh+/cpIcopyMYbZNVov9iSxvJU3OYQg78Sfaqzi/CzI=
github.com/uudashr/gocognit v1.0.7 h1:e9aFXgKgUJrQ5+bs61zBigmj7bFJ/5cC6HmMahVzuDo=
github.com/vmihailenco/msgpack v3.3.3+incompatible/go.mod h1:fy3FlTQTDXWkZ7Bh6AcGMlsjHatGryHQYUTf1ShIgkk=
github.com/vmihailenco/msgpack v4.0.4+incompatible h1:dSLoQfGFAo3F6OoNhwUmLwVgaUXK79GlxNBwueZn0xI=
github.com/vmihailenco/msgpack v4.0.4+incompatible/go.mod h1:fy3FlTQTDXWkZ7Bh6AcGMlsjHatGryHQYUTf1ShIgkk=
github.com/vmihailenco/msgpack/v4 v4.3.12 h1:07s4sz9IReOgdikxLTKNbBdqDMLsjPKXwvCazn8G65U=
github.com/vmihailenco/msgpack/v4 v4.3.12/go.mod h1:gborTTJjAo/GWTqqRjrLCn9pgNN+NXzzngzBKDPIqw4=
github.com/vmihailenco/tagparser v0.1.1 h1:quXMXlA39OCbd2wAdTsGDlK9RkOk6Wuw+x37wVyIuWY=
github.com/vmihailenco/tagparser v0.1.1/go.mod h1:OeAg3pn3UbLjkWt+rN9oFYB6u/cQgqMEUPoW2WPyhdI=
github.com/xanzy/ssh-agent v0.3.0 h1:wUMzuKtKilRgBAD1sUb8gOwwRr2FGoBVumcjoOACClI=
github.com/xanzy/ssh-agent v0.3.0/go.mod h1:3s9xbODqPuuhK9JV1R321M/FlMZSBvE5aY6eAcqrDh0=
github.com/xen0n/gosmopolitan v1.2.1 h1:3pttnTuFumELBRSh+KQs1zcz4fN6Zy7aB0xlnQSn1Iw=
github.com/yagipy/maintidx v1.0.0 h1:h5NvIsCz+nRDapQ0exNv4aJ0yXSI0420omVANTv3GJM=
github.com/yeya24/promlinter v0.2.0 h1:xFKDQ82orCU5jQujdaD8stOHiv8UN68BSdn2a8u8Y3o=
github.com/ykadowak/zerologlint v0.1.3 h1:TLy1dTW3Nuc+YE3bYRPToG1Q9Ej78b5UUN6bjbGdxPE=
github.com/zclconf/go-cty v1.1.0/go.mod h1:xnAOWiHeOqg2nWS62VtQ7pbOu17FtxJNW8RLEih+O3s=
github.com/zclconf/go-cty v1.2.0/go.mod h1:hOPWgoHbaTUnI5k4D2ld+GRpFJSCe6bCM7m1q/N4PQ8=
github.com/zclconf/go-cty v1.10.0/go.mod h1:vVKLxnk3puL4qRAv72AO+W99LUD4da90g3uUAzyuvAk=
github.com/zclconf/go-cty v1.12.1 h1:PcupnljUm9EIvbgSHQnHhUr3fO6oFmkOrvs2BAFNXXY=
github.com/zclconf/go-cty v1.12.1/go.mod h1:s9IfD1LK5ccNMSWCVFCE2rJfHiZgi7JijgeWIMfhLvA=
github.com/zclconf/go-cty-debug v0.0.0-20191215020915-b22d67c1ba0b/go.mod h1:ZRKQfBXbGkpdV6QMzT3rU1kSTAnfu1dO8dPKjYprgj8=
gitlab.com/bosi/decorder v0.4.0 h1:HWuxAhSxIvsITcXeP+iIRg9d1cVfvVkmlF7M68GaoDY=
go.tmz.dev/musttag v0.7.2 h1:1J6S9ipDbalBSODNT5jCep8dhZyMr4ttnjQagmGYR5s=
go.uber.org/atomic v1.7.0 h1:ADUqmZGgLDDfbSL9ZmPxKTybcoEYHgpYfELNoN+7hsw=
go.uber.org/multierr v1.6.0 h1:y6IPFStTAIT5Ytl7/XYmHvzXQ7S3g/IeZW9hyZ5thw4=
go.uber.org/zap v1.24.0 h1:FiJd5l1UOLj0wCgbSE0rwwXHzEdAZS6hiiSnxJN/D60=
golang.org/x/crypto v0.0.0-20190219172222-a4c6cb3142f2/go.mod h1:6SG95UA2DQfeDnfUPMdvaQW0Q7yPrPDi9nlGo2tz2b4=
golang.org/x/crypto v0.0.0-20190308221718-c2843e01d9a2/go.mod h1:djNgcEr1/C05ACkg1iLfiJU5Ep61QUkGW8qpdssI0+w=
golang.org/x/crypto v0.0.0-20210322153248-0c34fe9e7dc2/go.mod h1:T9bdIzuCu7OtxOm1hfPfRQxPLYneinmdGuTeoZ9dtd4=
golang.org/x/crypto v0.0.0-20210421170649-83a5a9bb288b/go.mod h1:T9bdIzuCu7OtxOm1hfPfRQxPLYneinmdGuTeoZ9dtd4=
golang.org/x/crypto v0.0.0-20210616213533-5ff15b29337e/go.mod h1:GvvjBRRGRdwPK5ydBHafDWAxML/pGHZbMvKqRZ5+Abc=
golang.org/x/crypto v0.14.0 h1:wBqGXzWJW6m1XrIKlAH0Hs1JJ7+9KBwnIO8v66Q9cHc=
golang.org/x/crypto v0.14.0/go.mod h1:MVFd36DqK4CsrnJYDkBA3VC4m2GkXAM0PvzMCn4JQf4=
golang.org/x/exp v0.0.0-20230510235704-dd950f8aeaea h1:vLCWI/yYrdEHyN2JzIzPO3aaQJHQdp89IZBA/+azVC4=
golang.org/x/exp/typeparams v0.0.0-20230307190834-24139beb5833 h1:jWGQJV4niP+CCmFW9ekjA9Zx8vYORzOUH2/Nl5WPuLQ=
golang.org/x/mod v0.12.0 h1:rmsUpXtvNzj340zd98LZ4KntptpfRHwpFOHG188oHXc=
golang.org/x/net v0.0.0-20180724234803-3673e40ba225/go.mod h1:mL1N/T3taQHkDXs73rZJwtUhF3w3ftmwwsq0BUmARs4=
golang.org/x/net v0.0.0-20180811021610-c39426892332/go.mod h1:mL1N/T3taQHkDXs73rZJwtUhF3w3ftmwwsq0BUmARs4=
golang.org/x/net v0.0.0-20190108225652-1e06a53dbb7e/go.mod h1:mL1N/T3taQHkDXs73rZJwtUhF3w3ftmwwsq0BUmARs4=
golang.org/x/net v0.0.0-20190404232315-eb5bcb51f2a3/go.mod h1:t9HGtf8HONx5eT2rtn7q6eTqICYqUVnKs3thJo3Qplg=
golang.org/x/net v0.0.0-20190603091049-60506f45cf65/go.mod h1:HSz+uSET+XFnRR8LxR5pz3Of3rY3CfYBVs4xY44aLks=
golang.org/x/net v0.0.0-20191009170851-d66e71096ffb/go.mod h1:z5CRVTTTmAJ677TzLLGU+0bjPO0LkuOLi4/5GtJWs/s=
golang.org/x/net v0.0.0-20200301022130-244492dfa37a/go.mod h1:z5CRVTTTmAJ677TzLLGU+0bjPO0LkuOLi4/5GtJWs/s=
golang.org/x/net v0.0.0-20210119194325-5f4716e94777/go.mod h1:m0MpNAwzfU5UDzcl9v0D8zg8gWTRqZa9RBIspLL5mdg=
golang.org/x/net v0.0.0-20210226172049-e18ecbb05110/go.mod h1:m0MpNAwzfU5UDzcl9v0D8zg8gWTRqZa9RBIspLL5mdg=
golang.org/x/net v0.0.0-20210326060303-6b1517762897/go.mod h1:uSPa2vr4CLtc/ILN5odXGNXS6mhrKVzTaCXzk9m6W3k=
golang.org/x/net v0.17.0 h1:pVaXccu2ozPjCXewfr1S7xza/zcXTity9cCdXQYSjIM=
golang.org/x/net v0.17.0/go.mod h1:NxSsAGuq816PNPmqtQdLE42eU2Fs7NoRIZrHJAlaCOE=
golang.org/x/oauth2 v0.0.0-20190604053449-0f29369cfe45/go.mod h1:gOpvHmFTYa4IltrdGE7lF6nIHvwfUNPOp7c8zoXwtLw=
golang.org/x/sync v0.0.0-20180314180146-1d60e4601c6f/go.mod h1:RxMgew5VJxzue5/jJTE5uejpjVlOe/izrB70Jof72aM=
golang.org/x/sync v0.0.0-20181221193216-37e7f081c4d4/go.mod h1:RxMgew5VJxzue5/jJTE5uejpjVlOe/izrB70Jof72aM=
golang.org/x/sync v0.3.0 h1:ftCYgMx6zT/asHUrPw8BLLscYtGznsLAnjq5RH9P66E=
golang.org/x/sys v0.0.0-20180905080454-ebe1bf3edb33/go.mod h1:STP8DvDyc/dI5b8T5hshtkjS+E42TnysNCUPdjciGhY=
golang.org/x/sys v0.0.0-20190215142949-d0b11bdaac8a/go.mod h1:STP8DvDyc/dI5b8T5hshtkjS+E42TnysNCUPdjciGhY=
golang.org/x/sys v0.0.0-20190507160741-ecd444e8653b/go.mod h1:h1NjWce9XRLGQEsW7wpKNCjG9DtNlClVuFLEZdDNbEs=
golang.org/x/sys v0.0.0-20190916202348-b4ddaad3f8a3/go.mod h1:h1NjWce9XRLGQEsW7wpKNCjG9DtNlClVuFLEZdDNbEs=
golang.org/x/sys v0.0.0-20200116001909-b77594299b42/go.mod h1:h1NjWce9XRLGQEsW7wpKNCjG9DtNlClVuFLEZdDNbEs=
golang.org/x/sys v0.0.0-20200223170610-d5e6a3e2c0ae/go.mod h1:h1NjWce9XRLGQEsW7wpKNCjG9DtNlClVuFLEZdDNbEs=
golang.org/x/sys v0.0.0-20200302150141-5c8b2ff67527/go.mod h1:h1NjWce9XRLGQEsW7wpKNCjG9DtNlClVuFLEZdDNbEs=
golang.org/x/sys v0.0.0-20201119102817-f84b799fce68/go.mod h1:h1NjWce9XRLGQEsW7wpKNCjG9DtNlClVuFLEZdDNbEs=
golang.org/x/sys v0.0.0-20210320140829-1e4c9ba3b0c4/go.mod h1:h1NjWce9XRLGQEsW7wpKNCjG9DtNlClVuFLEZdDNbEs=
golang.org/x/sys v0.0.0-20210324051608-47abb6519492/go.mod h1:h1NjWce9XRLGQEsW7wpKNCjG9DtNlClVuFLEZdDNbEs=
golang.org/x/sys v0.0.0-20210502180810-71e4cd670f79/go.mod h1:h1NjWce9XRLGQEsW7wpKNCjG9DtNlClVuFLEZdDNbEs=
golang.org/x/sys v0.0.0-20210615035016-665e8c7367d1/go.mod h1:oPkhp1MJrh7nUepCBck5+mAzfO9JrbApNNgaTdGDITg=
golang.org/x/sys v0.0.0-20210630005230-0f9fa26af87c/go.mod h1:oPkhp1MJrh7nUepCBck5+mAzfO9JrbApNNgaTdGDITg=
golang.org/x/sys v0.0.0-20210927094055-39ccf1dd6fa6/go.mod h1:oPkhp1MJrh7nUepCBck5+mAzfO9JrbApNNgaTdGDITg=
golang.org/x/sys v0.0.0-20220503163025-988cb79eb6c6/go.mod h1:oPkhp1MJrh7nUepCBck5+mAzfO9JrbApNNgaTdGDITg=
golang.org/x/sys v0.0.0-20220811171246-fbc7d0a398ab/go.mod h1:oPkhp1MJrh7nUepCBck5+mAzfO9JrbApNNgaTdGDITg=
golang.org/x/sys v0.13.0 h1:Af8nKPmuFypiUBjVoU9V20FiaFXOcuZI21p0ycVYYGE=
golang.org/x/sys v0.13.0/go.mod h1:oPkhp1MJrh7nUepCBck5+mAzfO9JrbApNNgaTdGDITg=
golang.org/x/term v0.0.0-20201126162022-7de9c90e9dd1/go.mod h1:bj7SfCRtBDWHUb9snDiAeCFNEtKQo2Wmx5Cou7ajbmo=
golang.org/x/text v0.3.0/go.mod h1:NqM8EUOU14njkJ3fqMW+pc6Ldnwhi/IjpwHt7yyuwOQ=
golang.org/x/text v0.3.2/go.mod h1:bEr9sfX3Q8Zfm5fL9x+3itogRgK3+ptLWKqgva+5dAk=
golang.org/x/text v0.3.3/go.mod h1:5Zoc/QRtKVWzQhOtBMvqHzDpF6irO9z98xDceosuGiQ=
golang.org/x/text v0.3.5/go.mod h1:5Zoc/QRtKVWzQhOtBMvqHzDpF6irO9z98xDceosuGiQ=
golang.org/x/text v0.13.0 h1:ablQoSUd0tRdKxZewP80B+BaqeKJuVhuRxj/dkrun3k=
golang.org/x/text v0.13.0/go.mod h1:TvPlkZtksWOMsz7fbANvkp4WM8x/WCo/om8BMLbz+aE=
golang.org/x/tools v0.0.0-20180917221912-90fa682c2a6e/go.mod h1:n7NCudcB/nEzxVGmLbDWY5pfWTLqBcC2KZ6jyYvM4mQ=
golang.org/x/tools v0.12.0 h1:YW6HUoUmYBpwSgyaGaZq1fHjrBjX1rlpZ54T6mu2kss=
golang.org/x/xerrors v0.0.0-20191204190536-9bdfabe68543/go.mod h1:I/5z698sn9Ka8TeJc9MKroUUfqBBauWjQqLJ2OPfmY0=
google.golang.org/appengine v1.1.0/go.mod h1:EbEs0AVv82hx2wNQdGPgUI5lhzA/G0D9YwlJXL52JkM=
google.golang.org/appengine v1.4.0/go.mod h1:xpcJRLb0r/rnEns0DIKYYv+WjYCduHsrkT7/EB5XEv4=
google.golang.org/appengine v1.6.5/go.mod h1:8WjMMxjGQR8xUklV/ARdw2HLXBOI7O7uCIDZVag1xfc=
google.golang.org/appengine v1.6.7 h1:FZR1q0exgwxzPzp/aF+VccGrSfxfPpkBqjIIEq3ru6c=
google.golang.org/appengine v1.6.7/go.mod h1:8WjMMxjGQR8xUklV/ARdw2HLXBOI7O7uCIDZVag1xfc=
google.golang.org/genproto v0.0.0-20230110181048-76db0878b65f h1:BWUVssLB0HVOSY78gIdvk1dTVYtT1y8SBWtPYuTJ/6w=
google.golang.org/genproto v0.0.0-20230110181048-76db0878b65f/go.mod h1:RGgjbofJ8xD9Sq1VVhDM1Vok1vRONV+rg+CjzG4SZKM=
google.golang.org/grpc v1.53.0 h1:LAv2ds7cmFV/XTS3XG1NneeENYrXGmorPxsBbptIjNc=
google.golang.org/grpc v1.53.0/go.mod h1:OnIrk0ipVdj4N5d9IUoFUx72/VlD7+jUsHwZgwSMQpw=
google.golang.org/protobuf v1.26.0-rc.1/go.mod h1:jlhhOSvTdKEhbULTjvd4ARK9grFBp09yW+WbY/TyQbw=
google.golang.org/protobuf v1.26.0/go.mod h1:9q0QmTI4eRPtz6boOQmLYwt+qCgq0jsYwAQnmE0givc=
google.golang.org/protobuf v1.28.1 h1:d0NfwRgPtno5B1Wa6L2DAG+KivqkdutMf1UhdNx175w=
google.golang.org/protobuf v1.28.1/go.mod h1:HV8QOd/L58Z+nl8r43ehVNZIU/HEI6OcFqwMG9pJV4I=
gopkg.in/check.v1 v0.0.0-20161208181325-20d25e280405/go.mod h1:Co6ibVJAznAaIkqp8huTwlJQCZ016jof/cbN4VW5Yz0=
gopkg.in/check.v1 v1.0.0-20180628173108-788fd7840127/go.mod h1:Co6ibVJAznAaIkqp8huTwlJQCZ016jof/cbN4VW5Yz0=
gopkg.in/check.v1 v1.0.0-20190902080502-41f04d3bba15/go.mod h1:Co6ibVJAznAaIkqp8huTwlJQCZ016jof/cbN4VW5Yz0=
gopkg.in/check.v1 v1.0.0-20200227125254-8fa46927fb4f/go.mod h1:Co6ibVJAznAaIkqp8huTwlJQCZ016jof/cbN4VW5Yz0=
gopkg.in/check.v1 v1.0.0-20201130134442-10cb98267c6c h1:Hei/4ADfdWqJk1ZMxUNpqntNwaWcugrBjAiHlqqRiVk=
gopkg.in/check.v1 v1.0.0-20201130134442-10cb98267c6c/go.mod h1:JHkPIbrfpd72SG/EVd6muEfDQjcINNoR0C8j2r3qZ4Q=
gopkg.in/ini.v1 v1.67.0 h1:Dgnx+6+nfE+IfzjUEISNeydPJh9AXNNsWbGP9KzCsOA=
gopkg.in/warnings.v0 v0.1.2 h1:wFXVbFY8DY5/xOe1ECiWdKCzZlxgshcYVNkBHstARME=
gopkg.in/warnings.v0 v0.1.2/go.mod h1:jksf8JmL6Qr/oQM2OXTHunEvvTAsrWBLb6OOjuVWRNI=
gopkg.in/yaml.v2 v2.2.2/go.mod h1:hI93XBmqTisBFMUTm0b8Fm+jr3Dg1NNxqwp+5A1VGuI=
gopkg.in/yaml.v2 v2.2.4/go.mod h1:hI93XBmqTisBFMUTm0b8Fm+jr3Dg1NNxqwp+5A1VGuI=
gopkg.in/yaml.v2 v2.3.0/go.mod h1:hI93XBmqTisBFMUTm0b8Fm+jr3Dg1NNxqwp+5A1VGuI=
gopkg.in/yaml.v2 v2.4.0 h1:D8xgwECY7CYvx+Y2n4sBz93Jn9JRvxdiyyo8CTfuKaY=
gopkg.in/yaml.v3 v3.0.0-20200313102051-9f266ea9e77c/go.mod h1:K4uyk7z7BCEPqu6E+C64Yfv1cQ7kz7rIZviUmN+EgEM=
gopkg.in/yaml.v3 v3.0.1 h1:fxVm/GzAzEWqLHuvctI91KS9hhNmmWOoWu0XTYJS7CA=
gopkg.in/yaml.v3 v3.0.1/go.mod h1:K4uyk7z7BCEPqu6E+C64Yfv1cQ7kz7rIZviUmN+EgEM=
honnef.co/go/tools v0.4.5 h1:YGD4H+SuIOOqsyoLOpZDWcieM28W47/zRO7f+9V3nvo=
mvdan.cc/gofumpt v0.5.0 h1:0EQ+Z56k8tXjj/6TQD25BFNKQXpCvT0rnansIc7Ug5E=
mvdan.cc/interfacer v0.0.0-20180901003855-c20040233aed h1:WX1yoOaKQfddO/mLzdV4wptyWgoH/6hwLs7QHTixo0I=
mvdan.cc/lint v0.0.0-20170908181259-adc824a0674b h1:DxJ5nJdkhDlLok9K6qO+5290kphDJbHOQO1DFFFTeBo=
mvdan.cc/unparam v0.0.0-20221223090309-7455f1af531d h1:3rvTIIM22r9pvXk+q3swxUQAQOxksVMGK7sml4nG57w=
